{
  "originHash" : "cd9934a6076329ada80b916fba729440e4a6d22283d0c35bd40833ac3aaeb087",
  "pins" : [
    {
      "identity" : "content-scope-scripts",
      "kind" : "remoteSourceControl",
      "location" : "https://github.com/duckduckgo/content-scope-scripts.git",
      "state" : {
        "revision" : "d3d2daabba2846b667184bf6896f1e51dc9b9aa1",
        "version" : "14.12.0"
      }
    },
    {
      "identity" : "duckduckgo-autofill",
      "kind" : "remoteSourceControl",
      "location" : "https://github.com/duckduckgo/duckduckgo-autofill.git",
      "state" : {
        "revision" : "84b5e3019b2c7b3c90e8d296f30fcfd53768bcd8",
        "version" : "19.1.0"
      }
    },
    {
      "identity" : "gzipswift",
      "kind" : "remoteSourceControl",
      "location" : "https://github.com/1024jp/GzipSwift.git",
      "state" : {
        "revision" : "731037f6cc2be2ec01562f6597c1d0aa3fe6fd05",
        "version" : "6.0.1"
      }
    },
    {
      "identity" : "jwt-kit",
      "kind" : "remoteSourceControl",
      "location" : "https://github.com/vapor/jwt-kit.git",
      "state" : {
        "revision" : "13e7513b3ba0afa13967daf77af2fb4ad087306c",
        "version" : "4.13.5"
      }
    },
    {
      "identity" : "privacy-dashboard",
      "kind" : "remoteSourceControl",
      "location" : "https://github.com/duckduckgo/privacy-dashboard",
      "state" : {
        "revision" : "40a8c752fb73a15738899dc0edb5e17e33302a37",
        "version" : "9.10.1"
      }
    },
    {
      "identity" : "punycodeswift",
      "kind" : "remoteSourceControl",
      "location" : "https://github.com/gumob/PunycodeSwift.git",
      "state" : {
        "revision" : "30a462bdb4398ea835a3585472229e0d74b36ba5",
        "version" : "3.0.0"
      }
    },
    {
      "identity" : "swift-asn1",
      "kind" : "remoteSourceControl",
      "location" : "https://github.com/apple/swift-asn1.git",
      "state" : {
        "revision" : "f70225981241859eb4aa1a18a75531d26637c8cc",
        "version" : "1.4.0"
      }
    },
    {
      "identity" : "swift-crypto",
      "kind" : "remoteSourceControl",
      "location" : "https://github.com/apple/swift-crypto.git",
      "state" : {
        "revision" : "334e682869394ee239a57dbe9262bff3cd9495bd",
        "version" : "3.14.0"
      }
    },
    {
      "identity" : "sync_crypto",
      "kind" : "remoteSourceControl",
      "location" : "https://github.com/duckduckgo/sync_crypto",
      "state" : {
        "revision" : "8dfdea29e325c6611d9b2b556e1d380252d54ba6",
        "version" : "0.7.0"
      }
    },
    {
      "identity" : "trackerradarkit",
      "kind" : "remoteSourceControl",
      "location" : "https://github.com/duckduckgo/TrackerRadarKit.git",
      "state" : {
        "revision" : "6d2db2a50cbd6d0a33d40864953bbef523489b28",
        "version" : "3.1.0"
      }
    }
  ],
  "version" : 3
}
